
Microsoft Visual Studio Solution File, Format Version 12.00
# Visual Studio Version 16
VisualStudioVersion = 16.0.29926.136
MinimumVisualStudioVersion = 10.0.40219.1
Project("{8BC9CEB8-8B4A-11D0-8D11-00A0C91BC942}") = "Task2_2_ParticleGif", "Task2_2_ParticleGif\Task2_2_ParticleGif.vcxproj", "{B5A4680E-FC4D-492D-A1A6-113F81B63CA6}"
	ProjectSection(ProjectDependencies) = postProject
		{F54A3267-E19B-4E01-BA07-5B691A77C296} = {F54A3267-E19B-4E01-BA07-5B691A77C296}
	EndProjectSection
EndProject
Project("{8BC9CEB8-8B4A-11D0-8D11-00A0C91BC942}") = "Task2_1_MT_ArrayGeneration", "Task2_1_MT_ArrayGeneration\Task2_1_MT_ArrayGeneration.vcxproj", "{52CE188C-BEB4-4B0B-90F7-02BCDDBAA906}"
	ProjectSection(ProjectDependencies) = postProject
		{F54A3267-E19B-4E01-BA07-5B691A77C296} = {F54A3267-E19B-4E01-BA07-5B691A77C296}
	EndProjectSection
EndProject
Project("{8BC9CEB8-8B4A-11D0-8D11-00A0C91BC942}") = "Task1_1__Sort", "Task1_1__Sort\Task1_1__Sort.vcxproj", "{CAA8D790-6CE7-4C7C-8CE6-C2774362F83A}"
EndProject
Project("{8BC9CEB8-8B4A-11D0-8D11-00A0C91BC942}") = "Task1_2__Map", "Task1_2__Map\Task1_2__Map.vcxproj", "{4D0B38C5-C9A1-428B-9FDE-DDBFE07E60D8}"
EndProject
Project("{8BC9CEB8-8B4A-11D0-8D11-00A0C91BC942}") = "Task1_3__Graph", "Task1_3__Graph\Task1_3__Graph.vcxproj", "{923D462C-55B0-40CF-874B-E8ED3E5622A0}"
EndProject
Project("{8BC9CEB8-8B4A-11D0-8D11-00A0C91BC942}") = "Core", "Core\Core.vcxproj", "{F54A3267-E19B-4E01-BA07-5B691A77C296}"
EndProject
Project("{8BC9CEB8-8B4A-11D0-8D11-00A0C91BC942}") = "Task3_1_CompGeom", "Task3_1_CompGeom\Task3_1_CompGeom.vcxproj", "{0C5BB3CE-5C9B-4530-BC95-E9DB4366AF91}"
	ProjectSection(ProjectDependencies) = postProject
		{F54A3267-E19B-4E01-BA07-5B691A77C296} = {F54A3267-E19B-4E01-BA07-5B691A77C296}
	EndProjectSection
EndProject
Project("{8BC9CEB8-8B4A-11D0-8D11-00A0C91BC942}") = "Task4_1_CPU_Renderer", "Task4_1_CPU_Renderer\Task4_1_CPU_Renderer.vcxproj", "{F0019AFF-DC64-47D9-B098-51969ED6D91F}"
	ProjectSection(ProjectDependencies) = postProject
		{F54A3267-E19B-4E01-BA07-5B691A77C296} = {F54A3267-E19B-4E01-BA07-5B691A77C296}
	EndProjectSection
EndProject
Project("{8BC9CEB8-8B4A-11D0-8D11-00A0C91BC942}") = "Task5_1_DirectX12", "Task5_1_DirectX12\Task5_1_DirectX12.vcxproj", "{789DE6B0-9D38-4DB1-B52E-5CEFEEF99D76}"
EndProject
Global
	GlobalSection(SolutionConfigurationPlatforms) = preSolution
		Debug|x64 = Debug|x64
		Debug|x86 = Debug|x86
		Release|x64 = Release|x64
		Release|x86 = Release|x86
	EndGlobalSection
	GlobalSection(ProjectConfigurationPlatforms) = postSolution
		{B5A4680E-FC4D-492D-A1A6-113F81B63CA6}.Debug|x64.ActiveCfg = Debug|x64
		{B5A4680E-FC4D-492D-A1A6-113F81B63CA6}.Debug|x64.Build.0 = Debug|x64
		{B5A4680E-FC4D-492D-A1A6-113F81B63CA6}.Debug|x86.ActiveCfg = Debug|Win32
		{B5A4680E-FC4D-492D-A1A6-113F81B63CA6}.Debug|x86.Build.0 = Debug|Win32
		{B5A4680E-FC4D-492D-A1A6-113F81B63CA6}.Release|x64.ActiveCfg = Release|x64
		{B5A4680E-FC4D-492D-A1A6-113F81B63CA6}.Release|x64.Build.0 = Release|x64
		{B5A4680E-FC4D-492D-A1A6-113F81B63CA6}.Release|x86.ActiveCfg = Release|Win32
		{B5A4680E-FC4D-492D-A1A6-113F81B63CA6}.Release|x86.Build.0 = Release|Win32
		{52CE188C-BEB4-4B0B-90F7-02BCDDBAA906}.Debug|x64.ActiveCfg = Debug|x64
		{52CE188C-BEB4-4B0B-90F7-02BCDDBAA906}.Debug|x64.Build.0 = Debug|x64
		{52CE188C-BEB4-4B0B-90F7-02BCDDBAA906}.Debug|x86.ActiveCfg = Debug|Win32
		{52CE188C-BEB4-4B0B-90F7-02BCDDBAA906}.Debug|x86.Build.0 = Debug|Win32
		{52CE188C-BEB4-4B0B-90F7-02BCDDBAA906}.Release|x64.ActiveCfg = Release|x64
		{52CE188C-BEB4-4B0B-90F7-02BCDDBAA906}.Release|x64.Build.0 = Release|x64
		{52CE188C-BEB4-4B0B-90F7-02BCDDBAA906}.Release|x86.ActiveCfg = Release|Win32
		{52CE188C-BEB4-4B0B-90F7-02BCDDBAA906}.Release|x86.Build.0 = Release|Win32
		{CAA8D790-6CE7-4C7C-8CE6-C2774362F83A}.Debug|x64.ActiveCfg = Debug|x64
		{CAA8D790-6CE7-4C7C-8CE6-C2774362F83A}.Debug|x64.Build.0 = Debug|x64
		{CAA8D790-6CE7-4C7C-8CE6-C2774362F83A}.Debug|x86.ActiveCfg = Debug|Win32
		{CAA8D790-6CE7-4C7C-8CE6-C2774362F83A}.Debug|x86.Build.0 = Debug|Win32
		{CAA8D790-6CE7-4C7C-8CE6-C2774362F83A}.Release|x64.ActiveCfg = Release|x64
		{CAA8D790-6CE7-4C7C-8CE6-C2774362F83A}.Release|x64.Build.0 = Release|x64
		{CAA8D790-6CE7-4C7C-8CE6-C2774362F83A}.Release|x86.ActiveCfg = Release|Win32
		{CAA8D790-6CE7-4C7C-8CE6-C2774362F83A}.Release|x86.Build.0 = Release|Win32
		{4D0B38C5-C9A1-428B-9FDE-DDBFE07E60D8}.Debug|x64.ActiveCfg = Debug|x64
		{4D0B38C5-C9A1-428B-9FDE-DDBFE07E60D8}.Debug|x64.Build.0 = Debug|x64
		{4D0B38C5-C9A1-428B-9FDE-DDBFE07E60D8}.Debug|x86.ActiveCfg = Debug|Win32
		{4D0B38C5-C9A1-428B-9FDE-DDBFE07E60D8}.Debug|x86.Build.0 = Debug|Win32
		{4D0B38C5-C9A1-428B-9FDE-DDBFE07E60D8}.Release|x64.ActiveCfg = Release|x64
		{4D0B38C5-C9A1-428B-9FDE-DDBFE07E60D8}.Release|x64.Build.0 = Release|x64
		{4D0B38C5-C9A1-428B-9FDE-DDBFE07E60D8}.Release|x86.ActiveCfg = Release|Win32
		{4D0B38C5-C9A1-428B-9FDE-DDBFE07E60D8}.Release|x86.Build.0 = Release|Win32
		{923D462C-55B0-40CF-874B-E8ED3E5622A0}.Debug|x64.ActiveCfg = Debug|x64
		{923D462C-55B0-40CF-874B-E8ED3E5622A0}.Debug|x64.Build.0 = Debug|x64
		{923D462C-55B0-40CF-874B-E8ED3E5622A0}.Debug|x86.ActiveCfg = Debug|Win32
		{923D462C-55B0-40CF-874B-E8ED3E5622A0}.Debug|x86.Build.0 = Debug|Win32
		{923D462C-55B0-40CF-874B-E8ED3E5622A0}.Release|x64.ActiveCfg = Release|x64
		{923D462C-55B0-40CF-874B-E8ED3E5622A0}.Release|x64.Build.0 = Release|x64
		{923D462C-55B0-40CF-874B-E8ED3E5622A0}.Release|x86.ActiveCfg = Release|Win32
		{923D462C-55B0-40CF-874B-E8ED3E5622A0}.Release|x86.Build.0 = Release|Win32
		{F54A3267-E19B-4E01-BA07-5B691A77C296}.Debug|x64.ActiveCfg = Debug|x64
		{F54A3267-E19B-4E01-BA07-5B691A77C296}.Debug|x64.Build.0 = Debug|x64
		{F54A3267-E19B-4E01-BA07-5B691A77C296}.Debug|x86.ActiveCfg = Debug|Win32
		{F54A3267-E19B-4E01-BA07-5B691A77C296}.Debug|x86.Build.0 = Debug|Win32
		{F54A3267-E19B-4E01-BA07-5B691A77C296}.Release|x64.ActiveCfg = Release|x64
		{F54A3267-E19B-4E01-BA07-5B691A77C296}.Release|x64.Build.0 = Release|x64
		{F54A3267-E19B-4E01-BA07-5B691A77C296}.Release|x86.ActiveCfg = Release|Win32
		{F54A3267-E19B-4E01-BA07-5B691A77C296}.Release|x86.Build.0 = Release|Win32
		{0C5BB3CE-5C9B-4530-BC95-E9DB4366AF91}.Debug|x64.ActiveCfg = Debug|x64
		{0C5BB3CE-5C9B-4530-BC95-E9DB4366AF91}.Debug|x64.Build.0 = Debug|x64
		{0C5BB3CE-5C9B-4530-BC95-E9DB4366AF91}.Debug|x86.ActiveCfg = Debug|Win32
		{0C5BB3CE-5C9B-4530-BC95-E9DB4366AF91}.Debug|x86.Build.0 = Debug|Win32
		{0C5BB3CE-5C9B-4530-BC95-E9DB4366AF91}.Release|x64.ActiveCfg = Release|x64
		{0C5BB3CE-5C9B-4530-BC95-E9DB4366AF91}.Release|x64.Build.0 = Release|x64
		{0C5BB3CE-5C9B-4530-BC95-E9DB4366AF91}.Release|x86.ActiveCfg = Release|Win32
		{0C5BB3CE-5C9B-4530-BC95-E9DB4366AF91}.Release|x86.Build.0 = Release|Win32
		{F0019AFF-DC64-47D9-B098-51969ED6D91F}.Debug|x64.ActiveCfg = Debug|x64
		{F0019AFF-DC64-47D9-B098-51969ED6D91F}.Debug|x64.Build.0 = Debug|x64
		{F0019AFF-DC64-47D9-B098-51969ED6D91F}.Debug|x86.ActiveCfg = Debug|Win32
		{F0019AFF-DC64-47D9-B098-51969ED6D91F}.Debug|x86.Build.0 = Debug|Win32
		{F0019AFF-DC64-47D9-B098-51969ED6D91F}.Release|x64.ActiveCfg = Release|x64
		{F0019AFF-DC64-47D9-B098-51969ED6D91F}.Release|x64.Build.0 = Release|x64
		{F0019AFF-DC64-47D9-B098-51969ED6D91F}.Release|x86.ActiveCfg = Release|Win32
		{F0019AFF-DC64-47D9-B098-51969ED6D91F}.Release|x86.Build.0 = Release|Win32
		{789DE6B0-9D38-4DB1-B52E-5CEFEEF99D76}.Debug|x64.ActiveCfg = Debug|x64
		{789DE6B0-9D38-4DB1-B52E-5CEFEEF99D76}.Debug|x64.Build.0 = Debug|x64
		{789DE6B0-9D38-4DB1-B52E-5CEFEEF99D76}.Debug|x86.ActiveCfg = Debug|Win32
		{789DE6B0-9D38-4DB1-B52E-5CEFEEF99D76}.Debug|x86.Build.0 = Debug|Win32
		{789DE6B0-9D38-4DB1-B52E-5CEFEEF99D76}.Release|x64.ActiveCfg = Release|x64
		{789DE6B0-9D38-4DB1-B52E-5CEFEEF99D76}.Release|x64.Build.0 = Release|x64
		{789DE6B0-9D38-4DB1-B52E-5CEFEEF99D76}.Release|x86.ActiveCfg = Release|Win32
		{789DE6B0-9D38-4DB1-B52E-5CEFEEF99D76}.Release|x86.Build.0 = Release|Win32
	EndGlobalSection
	GlobalSection(SolutionProperties) = preSolution
		HideSolutionNode = FALSE
	EndGlobalSection
	GlobalSection(ExtensibilityGlobals) = postSolution
		SolutionGuid = {549C0188-30FC-4C6F-9F13-C12598ECFF8C}
	EndGlobalSection
EndGlobal
