
Microsoft Visual Studio Solution File, Format Version 12.00
# Visual Studio Version 16
VisualStudioVersion = 16.0.29926.136
MinimumVisualStudioVersion = 10.0.40219.1
Project("{8BC9CEB8-8B4A-11D0-8D11-00A0C91BC942}") = "Core", "Core\Core.vcxproj", "{F54A3267-E19B-4E01-BA07-5B691A77C296}"
EndProject
Project("{2150E333-8FDC-42A3-9474-1A3956D46DE8}") = "3rd_party", "3rd_party", "{DEF8C757-557E-4F25-B150-0C2B04D5CAA6}"
EndProject
Project("{8BC9CEB8-8B4A-11D0-8D11-00A0C91BC942}") = "Imgui", "Imgui\Imgui.vcxproj", "{E3D54879-4A97-4D68-99A3-E8562C7952AB}"
EndProject
Project("{8BC9CEB8-8B4A-11D0-8D11-00A0C91BC942}") = "Task6_1_AO", "Task6_1_AO\Task6_1_AO.vcxproj", "{D85FAD70-8465-4CC9-A99E-762BD949B8B2}"
	ProjectSection(ProjectDependencies) = postProject
		{F54A3267-E19B-4E01-BA07-5B691A77C296} = {F54A3267-E19B-4E01-BA07-5B691A77C296}
		{E3D54879-4A97-4D68-99A3-E8562C7952AB} = {E3D54879-4A97-4D68-99A3-E8562C7952AB}
	EndProjectSection
EndProject
Project("{8BC9CEB8-8B4A-11D0-8D11-00A0C91BC942}") = "RTDLGI", "RTDLGI\RTDLGI.vcxproj", "{725C5E9B-24F4-4940-B40E-EDB5DFA0FE28}"
	ProjectSection(ProjectDependencies) = postProject
		{F54A3267-E19B-4E01-BA07-5B691A77C296} = {F54A3267-E19B-4E01-BA07-5B691A77C296}
		{E3D54879-4A97-4D68-99A3-E8562C7952AB} = {E3D54879-4A97-4D68-99A3-E8562C7952AB}
	EndProjectSection
EndProject
Global
	GlobalSection(SolutionConfigurationPlatforms) = preSolution
		Debug_GPU_Validation|x64 = Debug_GPU_Validation|x64
		Debug|x64 = Debug|x64
		Release_GPU_Validation|x64 = Release_GPU_Validation|x64
		Release|x64 = Release|x64
		RelWithDebInfo|x64 = RelWithDebInfo|x64
	EndGlobalSection
	GlobalSection(ProjectConfigurationPlatforms) = postSolution
		{F54A3267-E19B-4E01-BA07-5B691A77C296}.Debug_GPU_Validation|x64.ActiveCfg = Debug_GPU_Validation|x64
		{F54A3267-E19B-4E01-BA07-5B691A77C296}.Debug_GPU_Validation|x64.Build.0 = Debug_GPU_Validation|x64
		{F54A3267-E19B-4E01-BA07-5B691A77C296}.Debug|x64.ActiveCfg = Debug|x64
		{F54A3267-E19B-4E01-BA07-5B691A77C296}.Debug|x64.Build.0 = Debug|x64
		{F54A3267-E19B-4E01-BA07-5B691A77C296}.Release_GPU_Validation|x64.ActiveCfg = Release_GPU_Validation|x64
		{F54A3267-E19B-4E01-BA07-5B691A77C296}.Release_GPU_Validation|x64.Build.0 = Release_GPU_Validation|x64
		{F54A3267-E19B-4E01-BA07-5B691A77C296}.Release|x64.ActiveCfg = Release|x64
		{F54A3267-E19B-4E01-BA07-5B691A77C296}.Release|x64.Build.0 = Release|x64
		{F54A3267-E19B-4E01-BA07-5B691A77C296}.RelWithDebInfo|x64.ActiveCfg = Release|x64
		{F54A3267-E19B-4E01-BA07-5B691A77C296}.RelWithDebInfo|x64.Build.0 = Release|x64
		{E3D54879-4A97-4D68-99A3-E8562C7952AB}.Debug_GPU_Validation|x64.ActiveCfg = Debug_GPU_Validation|x64
		{E3D54879-4A97-4D68-99A3-E8562C7952AB}.Debug_GPU_Validation|x64.Build.0 = Debug_GPU_Validation|x64
		{E3D54879-4A97-4D68-99A3-E8562C7952AB}.Debug|x64.ActiveCfg = Debug|x64
		{E3D54879-4A97-4D68-99A3-E8562C7952AB}.Debug|x64.Build.0 = Debug|x64
		{E3D54879-4A97-4D68-99A3-E8562C7952AB}.Release_GPU_Validation|x64.ActiveCfg = Release_GPU_Validation|x64
		{E3D54879-4A97-4D68-99A3-E8562C7952AB}.Release_GPU_Validation|x64.Build.0 = Release_GPU_Validation|x64
		{E3D54879-4A97-4D68-99A3-E8562C7952AB}.Release|x64.ActiveCfg = Release|x64
		{E3D54879-4A97-4D68-99A3-E8562C7952AB}.Release|x64.Build.0 = Release|x64
		{E3D54879-4A97-4D68-99A3-E8562C7952AB}.RelWithDebInfo|x64.ActiveCfg = Release|x64
		{E3D54879-4A97-4D68-99A3-E8562C7952AB}.RelWithDebInfo|x64.Build.0 = Release|x64
		{D85FAD70-8465-4CC9-A99E-762BD949B8B2}.Debug_GPU_Validation|x64.ActiveCfg = Debug_GPU_Validation|x64
		{D85FAD70-8465-4CC9-A99E-762BD949B8B2}.Debug_GPU_Validation|x64.Build.0 = Debug_GPU_Validation|x64
		{D85FAD70-8465-4CC9-A99E-762BD949B8B2}.Debug|x64.ActiveCfg = Debug|x64
		{D85FAD70-8465-4CC9-A99E-762BD949B8B2}.Debug|x64.Build.0 = Debug|x64
		{D85FAD70-8465-4CC9-A99E-762BD949B8B2}.Release_GPU_Validation|x64.ActiveCfg = Release_GPU_Validation|x64
		{D85FAD70-8465-4CC9-A99E-762BD949B8B2}.Release_GPU_Validation|x64.Build.0 = Release_GPU_Validation|x64
		{D85FAD70-8465-4CC9-A99E-762BD949B8B2}.Release|x64.ActiveCfg = Release|x64
		{D85FAD70-8465-4CC9-A99E-762BD949B8B2}.Release|x64.Build.0 = Release|x64
		{D85FAD70-8465-4CC9-A99E-762BD949B8B2}.RelWithDebInfo|x64.ActiveCfg = Release|x64
		{D85FAD70-8465-4CC9-A99E-762BD949B8B2}.RelWithDebInfo|x64.Build.0 = Release|x64
		{725C5E9B-24F4-4940-B40E-EDB5DFA0FE28}.Debug_GPU_Validation|x64.ActiveCfg = Debug_GPU_Validation|x64
		{725C5E9B-24F4-4940-B40E-EDB5DFA0FE28}.Debug_GPU_Validation|x64.Build.0 = Debug_GPU_Validation|x64
		{725C5E9B-24F4-4940-B40E-EDB5DFA0FE28}.Debug|x64.ActiveCfg = Debug|x64
		{725C5E9B-24F4-4940-B40E-EDB5DFA0FE28}.Debug|x64.Build.0 = Debug|x64
		{725C5E9B-24F4-4940-B40E-EDB5DFA0FE28}.Release_GPU_Validation|x64.ActiveCfg = Release_GPU_Validation|x64
		{725C5E9B-24F4-4940-B40E-EDB5DFA0FE28}.Release_GPU_Validation|x64.Build.0 = Release_GPU_Validation|x64
		{725C5E9B-24F4-4940-B40E-EDB5DFA0FE28}.Release|x64.ActiveCfg = Release|x64
		{725C5E9B-24F4-4940-B40E-EDB5DFA0FE28}.Release|x64.Build.0 = Release|x64
		{725C5E9B-24F4-4940-B40E-EDB5DFA0FE28}.RelWithDebInfo|x64.ActiveCfg = Release|x64
		{725C5E9B-24F4-4940-B40E-EDB5DFA0FE28}.RelWithDebInfo|x64.Build.0 = Release|x64
	EndGlobalSection
	GlobalSection(SolutionProperties) = preSolution
		HideSolutionNode = FALSE
	EndGlobalSection
	GlobalSection(NestedProjects) = preSolution
		{E3D54879-4A97-4D68-99A3-E8562C7952AB} = {DEF8C757-557E-4F25-B150-0C2B04D5CAA6}
	EndGlobalSection
	GlobalSection(ExtensibilityGlobals) = postSolution
		SolutionGuid = {549C0188-30FC-4C6F-9F13-C12598ECFF8C}
	EndGlobalSection
EndGlobal
