<?xml version="1.0" encoding="utf-8"?>
<Project ToolsVersion="4.0" xmlns="http://schemas.microsoft.com/developer/msbuild/2003">
  <ItemGroup>
    <Filter Include="Source Files">
      <UniqueIdentifier>{4FC737F1-C7A5-4376-A066-2A32D752A2FF}</UniqueIdentifier>
      <Extensions>cpp;c;cc;cxx;c++;cppm;ixx;def;odl;idl;hpj;bat;asm;asmx</Extensions>
    </Filter>
    <Filter Include="Header Files">
      <UniqueIdentifier>{93995380-89BD-4b04-88EB-625FBE52EBFB}</UniqueIdentifier>
      <Extensions>h;hh;hpp;hxx;h++;hm;inl;inc;ipp;xsd</Extensions>
    </Filter>
    <Filter Include="Resource Files">
      <UniqueIdentifier>{67DA6AB6-F800-4c08-8B7A-83BB121AAD01}</UniqueIdentifier>
      <Extensions>rc;ico;cur;bmp;dlg;rc2;rct;bin;rgs;gif;jpg;jpeg;jpe;resx;tiff;tif;png;wav;mfcribbon-ms</Extensions>
    </Filter>
    <Filter Include="Source Files\Core">
      <UniqueIdentifier>{316346d0-cbfe-430a-8ba5-8ce59d62e1d5}</UniqueIdentifier>
    </Filter>
    <Filter Include="Header Files\Core">
      <UniqueIdentifier>{5dc780f0-1277-4cd7-a2c3-c161f363fb10}</UniqueIdentifier>
    </Filter>
    <Filter Include="Header Files\DX12">
      <UniqueIdentifier>{89884410-c3d2-405b-b8d8-ef1e9be8e67b}</UniqueIdentifier>
    </Filter>
    <Filter Include="Source Files\DX12">
      <UniqueIdentifier>{6bf2a775-b34d-4415-b5fd-25571c03e55f}</UniqueIdentifier>
    </Filter>
    <Filter Include="Source Files\DX12\buffers">
      <UniqueIdentifier>{9e508d34-28ab-4310-81ab-f53393f8879b}</UniqueIdentifier>
    </Filter>
    <Filter Include="Header Files\DX12\buffers">
      <UniqueIdentifier>{a097a8a4-7d37-4797-b895-dfdae0890449}</UniqueIdentifier>
    </Filter>
    <Filter Include="Header Files\DX12\constantBuffers">
      <UniqueIdentifier>{ac9c016e-80f1-44f5-b2a4-a0656fceb0d4}</UniqueIdentifier>
    </Filter>
    <Filter Include="Source Files\DX12\constantBuffers">
      <UniqueIdentifier>{fb391869-7631-4447-859a-dc073833c31e}</UniqueIdentifier>
    </Filter>
    <Filter Include="Header Files\DX12\passes">
      <UniqueIdentifier>{5a6df074-12f3-41cc-bec7-0cdfb8b8c8f5}</UniqueIdentifier>
    </Filter>
    <Filter Include="Source Files\DX12\passes">
      <UniqueIdentifier>{e06585ec-bb5c-450d-8232-bfc07cc2b963}</UniqueIdentifier>
    </Filter>
    <Filter Include="Source Files\DX12\constantBuffers\CBs">
      <UniqueIdentifier>{7351d7f3-2676-4879-813d-45e9e8b2007f}</UniqueIdentifier>
    </Filter>
    <Filter Include="Header Files\DX12\constantBuffers\CBs">
      <UniqueIdentifier>{a834e247-9202-4d21-b795-37757ac5fc31}</UniqueIdentifier>
    </Filter>
  </ItemGroup>
  <ItemGroup>
    <ClCompile Include="main.cpp">
      <Filter>Source Files\Core</Filter>
    </ClCompile>
    <ClCompile Include="core_Imgui.cpp">
      <Filter>Source Files\Core</Filter>
    </ClCompile>
    <ClCompile Include="core_Window.cpp">
      <Filter>Source Files\Core</Filter>
    </ClCompile>
    <ClCompile Include="rnd_Dx12.cpp">
      <Filter>Source Files\DX12</Filter>
    </ClCompile>
    <ClCompile Include="rnd_TextureMgr.cpp">
      <Filter>Source Files\DX12</Filter>
    </ClCompile>
    <ClCompile Include="rnd_Texture2D.cpp">
      <Filter>Source Files\DX12\buffers</Filter>
    </ClCompile>
    <ClCompile Include="rnd_IndexBuffer.cpp">
      <Filter>Source Files\DX12\buffers</Filter>
    </ClCompile>
    <ClCompile Include="rnd_VertexBuffer.cpp">
      <Filter>Source Files\DX12\buffers</Filter>
    </ClCompile>
    <ClCompile Include="PassRaytracing.cpp">
      <Filter>Source Files\DX12\passes</Filter>
    </ClCompile>
    <ClCompile Include="rnd_ConstantBufferMgr.cpp">
      <Filter>Source Files\DX12\constantBuffers</Filter>
    </ClCompile>
    <ClCompile Include="rnd_ConstantBuffer.cpp">
      <Filter>Source Files\DX12\constantBuffers</Filter>
    </ClCompile>
    <ClCompile Include="SceneConstBuf.cpp">
      <Filter>Source Files\DX12\constantBuffers\CBs</Filter>
    </ClCompile>
    <ClCompile Include="CubeConstBuf.cpp">
      <Filter>Source Files\DX12\constantBuffers\CBs</Filter>
    </ClCompile>
    <ClCompile Include="rnd_RootSignatureMgr.cpp">
      <Filter>Source Files</Filter>
    </ClCompile>
  </ItemGroup>
  <ItemGroup>
    <ClInclude Include="core_Imgui.h">
      <Filter>Header Files\Core</Filter>
    </ClInclude>
    <ClInclude Include="core_Window.h">
      <Filter>Header Files\Core</Filter>
    </ClInclude>
    <ClInclude Include="rnd_Dx12.h">
      <Filter>Header Files\DX12</Filter>
    </ClInclude>
    <ClInclude Include="stdafx.h">
      <Filter>Header Files\Core</Filter>
    </ClInclude>
    <ClInclude Include="rnd_TextureMgr.h">
      <Filter>Header Files\DX12</Filter>
    </ClInclude>
    <ClInclude Include="HlslCompat.h">
      <Filter>Resource Files</Filter>
    </ClInclude>
    <ClInclude Include="RayTracingHlslCompat.h">
      <Filter>Resource Files</Filter>
    </ClInclude>
    <ClInclude Include="rnd_Texture2D.h">
      <Filter>Header Files\DX12\buffers</Filter>
    </ClInclude>
    <ClInclude Include="rnd_IndexBuffer.h">
      <Filter>Header Files\DX12\buffers</Filter>
    </ClInclude>
    <ClInclude Include="rnd_VertexBuffer.h">
      <Filter>Header Files\DX12\buffers</Filter>
    </ClInclude>
    <ClInclude Include="rnd_ConstantBufferMgr.h">
      <Filter>Header Files\DX12\constantBuffers</Filter>
    </ClInclude>
    <ClInclude Include="rnd_ConstantBuffer.h">
      <Filter>Header Files\DX12\constantBuffers</Filter>
    </ClInclude>
    <ClInclude Include="CubeConstBuf.h">
      <Filter>Header Files\DX12\constantBuffers\CBs</Filter>
    </ClInclude>
    <ClInclude Include="SceneConstBuf.h">
      <Filter>Header Files\DX12\constantBuffers\CBs</Filter>
    </ClInclude>
    <ClInclude Include="PassRaytracing.h">
      <Filter>Header Files\DX12\passes</Filter>
    </ClInclude>
    <ClInclude Include="rnd_RootSignatureMgr.h">
      <Filter>Header Files</Filter>
    </ClInclude>
    <ClInclude Include="D3DBuffer.h">
      <Filter>Header Files\DX12\buffers</Filter>
    </ClInclude>
  </ItemGroup>
  <ItemGroup>
    <FxCompile Include="Raytracing.hlsl">
      <Filter>Resource Files</Filter>
    </FxCompile>
  </ItemGroup>
</Project>